
Microsoft Visual Studio Solution File, Format Version 12.00
# Visual Studio Version 16
VisualStudioVersion = 16.0.31321.278
MinimumVisualStudioVersion = 10.0.40219.1
Project("{FAE04EC0-301F-11D3-BF4B-00C04F79EFBC}") = "Clases", "Clases\Clases.csproj", "{8B2E7A7C-8B06-445A-A5EB-0BE829151D33}"
EndProject
Project("{FAE04EC0-301F-11D3-BF4B-00C04F79EFBC}") = "Servidor_MDQ", "Servidor_MDQ\Servidor_MDQ.csproj", "{21FA9238-9391-4374-BC2E-FAE640085C40}"
EndProject
Project("{FAE04EC0-301F-11D3-BF4B-00C04F79EFBC}") = "Sistema_MDQ", "Sistema_MDQ\Sistema_MDQ.csproj", "{6843C490-8A6E-45C9-ADEE-8A4B597A5648}"
EndProject
Global
	GlobalSection(SolutionConfigurationPlatforms) = preSolution
		Debug|Any CPU = Debug|Any CPU
		Release|Any CPU = Release|Any CPU
	EndGlobalSection
	GlobalSection(ProjectConfigurationPlatforms) = postSolution
		{8B2E7A7C-8B06-445A-A5EB-0BE829151D33}.Debug|Any CPU.ActiveCfg = Debug|Any CPU
		{8B2E7A7C-8B06-445A-A5EB-0BE829151D33}.Debug|Any CPU.Build.0 = Debug|Any CPU
		{8B2E7A7C-8B06-445A-A5EB-0BE829151D33}.Release|Any CPU.ActiveCfg = Release|Any CPU
		{8B2E7A7C-8B06-445A-A5EB-0BE829151D33}.Release|Any CPU.Build.0 = Release|Any CPU
		{21FA9238-9391-4374-BC2E-FAE640085C40}.Debug|Any CPU.ActiveCfg = Debug|Any CPU
		{21FA9238-9391-4374-BC2E-FAE640085C40}.Debug|Any CPU.Build.0 = Debug|Any CPU
		{21FA9238-9391-4374-BC2E-FAE640085C40}.Release|Any CPU.ActiveCfg = Release|Any CPU
		{21FA9238-9391-4374-BC2E-FAE640085C40}.Release|Any CPU.Build.0 = Release|Any CPU
		{6843C490-8A6E-45C9-ADEE-8A4B597A5648}.Debug|Any CPU.ActiveCfg = Debug|Any CPU
		{6843C490-8A6E-45C9-ADEE-8A4B597A5648}.Debug|Any CPU.Build.0 = Debug|Any CPU
		{6843C490-8A6E-45C9-ADEE-8A4B597A5648}.Release|Any CPU.ActiveCfg = Release|Any CPU
		{6843C490-8A6E-45C9-ADEE-8A4B597A5648}.Release|Any CPU.Build.0 = Release|Any CPU
	EndGlobalSection
	GlobalSection(SolutionProperties) = preSolution
		HideSolutionNode = FALSE
	EndGlobalSection
	GlobalSection(ExtensibilityGlobals) = postSolution
		SolutionGuid = {1D650E32-F5BD-4A91-8CB9-369BD1D96EF2}
	EndGlobalSection
EndGlobal
